
Microsoft Visual Studio Solution File, Format Version 12.00
# Visual Studio Version 16
VisualStudioVersion = 16.0.31019.35
MinimumVisualStudioVersion = 10.0.40219.1
Project("{9A19103F-16F7-4668-BE54-9A1E7A4F7556}") = "DZ7", "DZ7\DZ7.csproj", "{C8B5AFD8-B871-4785-818F-CD281674D9A1}"
EndProject
Project("{FAE04EC0-301F-11D3-BF4B-00C04F79EFBC}") = "DZ7Tests", "DZ7Tests\DZ7Tests.csproj", "{2C81F464-7226-4905-9CA8-36FF3FBB3F01}"
EndProject
Global
	GlobalSection(SolutionConfigurationPlatforms) = preSolution
		Debug|Any CPU = Debug|Any CPU
		Release|Any CPU = Release|Any CPU
	EndGlobalSection
	GlobalSection(ProjectConfigurationPlatforms) = postSolution
		{C8B5AFD8-B871-4785-818F-CD281674D9A1}.Debug|Any CPU.ActiveCfg = Debug|Any CPU
		{C8B5AFD8-B871-4785-818F-CD281674D9A1}.Debug|Any CPU.Build.0 = Debug|Any CPU
		{C8B5AFD8-B871-4785-818F-CD281674D9A1}.Release|Any CPU.ActiveCfg = Release|Any CPU
		{C8B5AFD8-B871-4785-818F-CD281674D9A1}.Release|Any CPU.Build.0 = Release|Any CPU
		{2C81F464-7226-4905-9CA8-36FF3FBB3F01}.Debug|Any CPU.ActiveCfg = Debug|Any CPU
		{2C81F464-7226-4905-9CA8-36FF3FBB3F01}.Debug|Any CPU.Build.0 = Debug|Any CPU
		{2C81F464-7226-4905-9CA8-36FF3FBB3F01}.Release|Any CPU.ActiveCfg = Release|Any CPU
		{2C81F464-7226-4905-9CA8-36FF3FBB3F01}.Release|Any CPU.Build.0 = Release|Any CPU
	EndGlobalSection
	GlobalSection(SolutionProperties) = preSolution
		HideSolutionNode = FALSE
	EndGlobalSection
	GlobalSection(ExtensibilityGlobals) = postSolution
		SolutionGuid = {E1471452-E231-4A25-A14A-EB180C4D7DB3}
	EndGlobalSection
EndGlobal
