
Microsoft Visual Studio Solution File, Format Version 12.00
# Visual Studio Version 16
VisualStudioVersion = 16.0.31005.135
MinimumVisualStudioVersion = 10.0.40219.1
Project("{FAE04EC0-301F-11D3-BF4B-00C04F79EFBC}") = "DZ_2_DualLinkedList", "DZ_2_DualLinkedList\DZ_2_DualLinkedList.csproj", "{2294CD22-536E-4ADF-AF21-5985C6593BD0}"
EndProject
Global
	GlobalSection(SolutionConfigurationPlatforms) = preSolution
		Debug|Any CPU = Debug|Any CPU
		Release|Any CPU = Release|Any CPU
	EndGlobalSection
	GlobalSection(ProjectConfigurationPlatforms) = postSolution
		{2294CD22-536E-4ADF-AF21-5985C6593BD0}.Debug|Any CPU.ActiveCfg = Debug|Any CPU
		{2294CD22-536E-4ADF-AF21-5985C6593BD0}.Debug|Any CPU.Build.0 = Debug|Any CPU
		{2294CD22-536E-4ADF-AF21-5985C6593BD0}.Release|Any CPU.ActiveCfg = Release|Any CPU
		{2294CD22-536E-4ADF-AF21-5985C6593BD0}.Release|Any CPU.Build.0 = Release|Any CPU
	EndGlobalSection
	GlobalSection(SolutionProperties) = preSolution
		HideSolutionNode = FALSE
	EndGlobalSection
	GlobalSection(ExtensibilityGlobals) = postSolution
		SolutionGuid = {49F0F7D8-00A4-4E4B-9B04-BE1772DEA9A9}
	EndGlobalSection
EndGlobal
