
Microsoft Visual Studio Solution File, Format Version 12.00
# Visual Studio Version 16
VisualStudioVersion = 16.0.31005.135
MinimumVisualStudioVersion = 10.0.40219.1
Project("{FAE04EC0-301F-11D3-BF4B-00C04F79EFBC}") = "DZ2_BinarySearch", "DZ2_BinarySearch\DZ2_BinarySearch.csproj", "{1983209F-4355-46DC-8BAE-3B346EAAB42F}"
EndProject
Global
	GlobalSection(SolutionConfigurationPlatforms) = preSolution
		Debug|Any CPU = Debug|Any CPU
		Release|Any CPU = Release|Any CPU
	EndGlobalSection
	GlobalSection(ProjectConfigurationPlatforms) = postSolution
		{1983209F-4355-46DC-8BAE-3B346EAAB42F}.Debug|Any CPU.ActiveCfg = Debug|Any CPU
		{1983209F-4355-46DC-8BAE-3B346EAAB42F}.Debug|Any CPU.Build.0 = Debug|Any CPU
		{1983209F-4355-46DC-8BAE-3B346EAAB42F}.Release|Any CPU.ActiveCfg = Release|Any CPU
		{1983209F-4355-46DC-8BAE-3B346EAAB42F}.Release|Any CPU.Build.0 = Release|Any CPU
	EndGlobalSection
	GlobalSection(SolutionProperties) = preSolution
		HideSolutionNode = FALSE
	EndGlobalSection
	GlobalSection(ExtensibilityGlobals) = postSolution
		SolutionGuid = {86B33E8B-151C-4384-A0CD-C49735C94E23}
	EndGlobalSection
EndGlobal
