
Microsoft Visual Studio Solution File, Format Version 12.00
# Visual Studio Version 16
VisualStudioVersion = 16.0.31112.23
MinimumVisualStudioVersion = 10.0.40219.1
Project("{FAE04EC0-301F-11D3-BF4B-00C04F79EFBC}") = "DZ8_BucketSortArray", "DZ8_BucketSortArray\DZ8_BucketSortArray.csproj", "{E8531791-9212-49C0-BF12-2A9AEB579593}"
EndProject
Project("{FAE04EC0-301F-11D3-BF4B-00C04F79EFBC}") = "DZ8_BucketSortArrayTests", "DZ8_BucketSortArrayTests\DZ8_BucketSortArrayTests.csproj", "{55C1E1D9-6DC2-4F5E-B1DE-DE7D4AA7C484}"
EndProject
Global
	GlobalSection(SolutionConfigurationPlatforms) = preSolution
		Debug|Any CPU = Debug|Any CPU
		Release|Any CPU = Release|Any CPU
	EndGlobalSection
	GlobalSection(ProjectConfigurationPlatforms) = postSolution
		{E8531791-9212-49C0-BF12-2A9AEB579593}.Debug|Any CPU.ActiveCfg = Debug|Any CPU
		{E8531791-9212-49C0-BF12-2A9AEB579593}.Debug|Any CPU.Build.0 = Debug|Any CPU
		{E8531791-9212-49C0-BF12-2A9AEB579593}.Release|Any CPU.ActiveCfg = Release|Any CPU
		{E8531791-9212-49C0-BF12-2A9AEB579593}.Release|Any CPU.Build.0 = Release|Any CPU
		{55C1E1D9-6DC2-4F5E-B1DE-DE7D4AA7C484}.Debug|Any CPU.ActiveCfg = Debug|Any CPU
		{55C1E1D9-6DC2-4F5E-B1DE-DE7D4AA7C484}.Debug|Any CPU.Build.0 = Debug|Any CPU
		{55C1E1D9-6DC2-4F5E-B1DE-DE7D4AA7C484}.Release|Any CPU.ActiveCfg = Release|Any CPU
		{55C1E1D9-6DC2-4F5E-B1DE-DE7D4AA7C484}.Release|Any CPU.Build.0 = Release|Any CPU
	EndGlobalSection
	GlobalSection(SolutionProperties) = preSolution
		HideSolutionNode = FALSE
	EndGlobalSection
	GlobalSection(ExtensibilityGlobals) = postSolution
		SolutionGuid = {87944A56-7A37-44CA-A58A-47A9F0D847D1}
	EndGlobalSection
EndGlobal
