
Microsoft Visual Studio Solution File, Format Version 12.00
# Visual Studio Version 16
VisualStudioVersion = 16.0.31019.35
MinimumVisualStudioVersion = 10.0.40219.1
Project("{FAE04EC0-301F-11D3-BF4B-00C04F79EFBC}") = "DZ3_BenchMark", "DZ3_BenchMark\DZ3_BenchMark.csproj", "{B48CBF24-4F8F-4F6D-8E74-01173293B299}"
EndProject
Global
	GlobalSection(SolutionConfigurationPlatforms) = preSolution
		Debug|Any CPU = Debug|Any CPU
		Release|Any CPU = Release|Any CPU
	EndGlobalSection
	GlobalSection(ProjectConfigurationPlatforms) = postSolution
		{B48CBF24-4F8F-4F6D-8E74-01173293B299}.Debug|Any CPU.ActiveCfg = Debug|Any CPU
		{B48CBF24-4F8F-4F6D-8E74-01173293B299}.Debug|Any CPU.Build.0 = Debug|Any CPU
		{B48CBF24-4F8F-4F6D-8E74-01173293B299}.Release|Any CPU.ActiveCfg = Release|Any CPU
		{B48CBF24-4F8F-4F6D-8E74-01173293B299}.Release|Any CPU.Build.0 = Release|Any CPU
	EndGlobalSection
	GlobalSection(SolutionProperties) = preSolution
		HideSolutionNode = FALSE
	EndGlobalSection
	GlobalSection(ExtensibilityGlobals) = postSolution
		SolutionGuid = {E749CDE0-DFFA-4837-89E7-78425FA0F666}
	EndGlobalSection
EndGlobal
